
Microsoft Visual Studio Solution File, Format Version 12.00
# Visual Studio Version 17
VisualStudioVersion = 17.2.32519.379
MinimumVisualStudioVersion = 10.0.40219.1
Project("{FAE04EC0-301F-11D3-BF4B-00C04F79EFBC}") = "ItemsRevisor.Client", "ItemsRevisor.Client\ItemsRevisor.Client.csproj", "{990A6A30-AB7D-4A2E-88A5-C9EDBA083033}"
EndProject
Project("{FAE04EC0-301F-11D3-BF4B-00C04F79EFBC}") = "ItemsRevisor.Server", "ItemsRevisor.Server\ItemsRevisor.Server.csproj", "{FBDA3D36-6820-4560-B9FA-2DF968A1FD31}"
EndProject
Global
	GlobalSection(SolutionConfigurationPlatforms) = preSolution
		Debug|Any CPU = Debug|Any CPU
		Release|Any CPU = Release|Any CPU
	EndGlobalSection
	GlobalSection(ProjectConfigurationPlatforms) = postSolution
		{990A6A30-AB7D-4A2E-88A5-C9EDBA083033}.Debug|Any CPU.ActiveCfg = Debug|Any CPU
		{990A6A30-AB7D-4A2E-88A5-C9EDBA083033}.Debug|Any CPU.Build.0 = Debug|Any CPU
		{990A6A30-AB7D-4A2E-88A5-C9EDBA083033}.Release|Any CPU.ActiveCfg = Release|Any CPU
		{990A6A30-AB7D-4A2E-88A5-C9EDBA083033}.Release|Any CPU.Build.0 = Release|Any CPU
		{FBDA3D36-6820-4560-B9FA-2DF968A1FD31}.Debug|Any CPU.ActiveCfg = Debug|Any CPU
		{FBDA3D36-6820-4560-B9FA-2DF968A1FD31}.Debug|Any CPU.Build.0 = Debug|Any CPU
		{FBDA3D36-6820-4560-B9FA-2DF968A1FD31}.Release|Any CPU.ActiveCfg = Release|Any CPU
		{FBDA3D36-6820-4560-B9FA-2DF968A1FD31}.Release|Any CPU.Build.0 = Release|Any CPU
	EndGlobalSection
	GlobalSection(SolutionProperties) = preSolution
		HideSolutionNode = FALSE
	EndGlobalSection
	GlobalSection(ExtensibilityGlobals) = postSolution
		SolutionGuid = {B504AF6B-ADB3-4ED8-A76F-A2AF52EE480C}
	EndGlobalSection
EndGlobal
